
Microsoft Visual Studio Solution File, Format Version 12.00
# Visual Studio Version 17
VisualStudioVersion = 17.10.35027.167
MinimumVisualStudioVersion = 10.0.40219.1
Project("{2150E333-8FDC-42A3-9474-1A3956D46DE8}") = "Clase3", "Clase3", "{D6339BB4-9EA8-40A3-9068-BD238C2B0279}"
EndProject
Project("{9A19103F-16F7-4668-BE54-9A1E7A4F7556}") = "ConsoleApp_Clase3_Ejemplos", "ConsoleApp_Clase3_Ejemplos\ConsoleApp_Clase3_Ejemplos.csproj", "{17C71E8B-48B5-4ACF-9259-34DAE83A4E04}"
EndProject
Project("{2150E333-8FDC-42A3-9474-1A3956D46DE8}") = "Clase4", "Clase4", "{87DA059B-0F4D-4CB5-9A2B-60A7C31C662B}"
EndProject
Project("{9A19103F-16F7-4668-BE54-9A1E7A4F7556}") = "ConsoleApp_Clase4_Ejemplos", "ConsoleApp_Clase4_Ejemplos\ConsoleApp_Clase4_Ejemplos.csproj", "{C28A0BFB-509A-4023-AC64-B2E8BC187A63}"
EndProject
Project("{2150E333-8FDC-42A3-9474-1A3956D46DE8}") = "Clase5", "Clase5", "{90A07F17-72AE-4C4E-BC50-B3FD8B116EC2}"
EndProject
Project("{9A19103F-16F7-4668-BE54-9A1E7A4F7556}") = "ConsoleApp_Collections", "ConsoleApp_Collections\ConsoleApp_Collections.csproj", "{CDD66F27-14FA-4B64-92A2-7425DA1ABF4A}"
EndProject
Project("{2150E333-8FDC-42A3-9474-1A3956D46DE8}") = "Clase6", "Clase6", "{F7F1353E-9AD0-4CC6-BE09-7A29D6EE44B9}"
EndProject
Project("{9A19103F-16F7-4668-BE54-9A1E7A4F7556}") = "Clase6_Ejemplos_POO_Parte1", "Clase6_Ejemplos_POO_Parte1\Clase6_Ejemplos_POO_Parte1.csproj", "{37398E88-6E71-4D6B-BF2B-A4ACF26FF16F}"
EndProject
Project("{2150E333-8FDC-42A3-9474-1A3956D46DE8}") = "Clase7", "Clase7", "{72536D74-95A1-4F7D-BF25-6DB4E5F8BF35}"
EndProject
Project("{9A19103F-16F7-4668-BE54-9A1E7A4F7556}") = "Clase7_Ejemplos_POO_Parte2", "Clase7_Ejemplos_POO_Parte2\Clase7_Ejemplos_POO_Parte2.csproj", "{A41B635E-F0E4-41F0-81ED-5A7663DC6F88}"
EndProject
Project("{2150E333-8FDC-42A3-9474-1A3956D46DE8}") = "Clase8", "Clase8", "{650349C9-A0A3-4C1C-B515-A739D42FE5B1}"
EndProject
Project("{9A19103F-16F7-4668-BE54-9A1E7A4F7556}") = "Clase8_ClassLibrary", "Clase8_ClassLibrary\Clase8_ClassLibrary.csproj", "{1D67948B-6CBA-4DA9-9032-A0DB4CC09FDD}"
EndProject
Project("{9A19103F-16F7-4668-BE54-9A1E7A4F7556}") = "Clase8_TestProject_MSTestProject", "Clase8_TestProject_MSTestProject\Clase8_TestProject_MSTestProject.csproj", "{75FDEA79-3A50-4EF3-98E8-80A36B133BD6}"
EndProject
Project("{9A19103F-16F7-4668-BE54-9A1E7A4F7556}") = "Clase8_TestProject_NUnitProject", "Clase8_TestProject_NUnitProject\Clase8_TestProject_NUnitProject.csproj", "{9EBA41F1-884D-4C47-8C9C-9F106584767D}"
EndProject
Project("{2150E333-8FDC-42A3-9474-1A3956D46DE8}") = "Clase9", "Clase9", "{789A79D4-E292-4AD1-8103-4AD2BF02D055}"
EndProject
Project("{FAE04EC0-301F-11D3-BF4B-00C04F79EFBC}") = "WebApplication_WebASPNETCore", "WebApplication_WebASPNETCore\WebApplication_WebASPNETCore.csproj", "{C423D082-7B54-4C12-9401-7188B06A683B}"
EndProject
Project("{FAE04EC0-301F-11D3-BF4B-00C04F79EFBC}") = "WebApplication_WebASPNETCore_MVC", "WebApplication_WebASPNETCore_MVC\WebApplication_WebASPNETCore_MVC.csproj", "{7425EC7B-4889-4566-85CA-E59B73204B50}"
EndProject
Project("{FAE04EC0-301F-11D3-BF4B-00C04F79EFBC}") = "WebApplication_ASPNETCore_API", "WebApplication_ASPNETCore_API\WebApplication_ASPNETCore_API.csproj", "{ABDE5E1F-C42F-4A0E-BE45-30FBC8A26756}"
EndProject
Global
	GlobalSection(SolutionConfigurationPlatforms) = preSolution
		Debug|Any CPU = Debug|Any CPU
		Release|Any CPU = Release|Any CPU
	EndGlobalSection
	GlobalSection(ProjectConfigurationPlatforms) = postSolution
		{17C71E8B-48B5-4ACF-9259-34DAE83A4E04}.Debug|Any CPU.ActiveCfg = Debug|Any CPU
		{17C71E8B-48B5-4ACF-9259-34DAE83A4E04}.Debug|Any CPU.Build.0 = Debug|Any CPU
		{17C71E8B-48B5-4ACF-9259-34DAE83A4E04}.Release|Any CPU.ActiveCfg = Release|Any CPU
		{17C71E8B-48B5-4ACF-9259-34DAE83A4E04}.Release|Any CPU.Build.0 = Release|Any CPU
		{C28A0BFB-509A-4023-AC64-B2E8BC187A63}.Debug|Any CPU.ActiveCfg = Debug|Any CPU
		{C28A0BFB-509A-4023-AC64-B2E8BC187A63}.Debug|Any CPU.Build.0 = Debug|Any CPU
		{C28A0BFB-509A-4023-AC64-B2E8BC187A63}.Release|Any CPU.ActiveCfg = Release|Any CPU
		{C28A0BFB-509A-4023-AC64-B2E8BC187A63}.Release|Any CPU.Build.0 = Release|Any CPU
		{CDD66F27-14FA-4B64-92A2-7425DA1ABF4A}.Debug|Any CPU.ActiveCfg = Debug|Any CPU
		{CDD66F27-14FA-4B64-92A2-7425DA1ABF4A}.Debug|Any CPU.Build.0 = Debug|Any CPU
		{CDD66F27-14FA-4B64-92A2-7425DA1ABF4A}.Release|Any CPU.ActiveCfg = Release|Any CPU
		{CDD66F27-14FA-4B64-92A2-7425DA1ABF4A}.Release|Any CPU.Build.0 = Release|Any CPU
		{37398E88-6E71-4D6B-BF2B-A4ACF26FF16F}.Debug|Any CPU.ActiveCfg = Debug|Any CPU
		{37398E88-6E71-4D6B-BF2B-A4ACF26FF16F}.Debug|Any CPU.Build.0 = Debug|Any CPU
		{37398E88-6E71-4D6B-BF2B-A4ACF26FF16F}.Release|Any CPU.ActiveCfg = Release|Any CPU
		{37398E88-6E71-4D6B-BF2B-A4ACF26FF16F}.Release|Any CPU.Build.0 = Release|Any CPU
		{A41B635E-F0E4-41F0-81ED-5A7663DC6F88}.Debug|Any CPU.ActiveCfg = Debug|Any CPU
		{A41B635E-F0E4-41F0-81ED-5A7663DC6F88}.Debug|Any CPU.Build.0 = Debug|Any CPU
		{A41B635E-F0E4-41F0-81ED-5A7663DC6F88}.Release|Any CPU.ActiveCfg = Release|Any CPU
		{A41B635E-F0E4-41F0-81ED-5A7663DC6F88}.Release|Any CPU.Build.0 = Release|Any CPU
		{1D67948B-6CBA-4DA9-9032-A0DB4CC09FDD}.Debug|Any CPU.ActiveCfg = Debug|Any CPU
		{1D67948B-6CBA-4DA9-9032-A0DB4CC09FDD}.Debug|Any CPU.Build.0 = Debug|Any CPU
		{1D67948B-6CBA-4DA9-9032-A0DB4CC09FDD}.Release|Any CPU.ActiveCfg = Release|Any CPU
		{1D67948B-6CBA-4DA9-9032-A0DB4CC09FDD}.Release|Any CPU.Build.0 = Release|Any CPU
		{75FDEA79-3A50-4EF3-98E8-80A36B133BD6}.Debug|Any CPU.ActiveCfg = Debug|Any CPU
		{75FDEA79-3A50-4EF3-98E8-80A36B133BD6}.Debug|Any CPU.Build.0 = Debug|Any CPU
		{75FDEA79-3A50-4EF3-98E8-80A36B133BD6}.Release|Any CPU.ActiveCfg = Release|Any CPU
		{75FDEA79-3A50-4EF3-98E8-80A36B133BD6}.Release|Any CPU.Build.0 = Release|Any CPU
		{9EBA41F1-884D-4C47-8C9C-9F106584767D}.Debug|Any CPU.ActiveCfg = Debug|Any CPU
		{9EBA41F1-884D-4C47-8C9C-9F106584767D}.Debug|Any CPU.Build.0 = Debug|Any CPU
		{9EBA41F1-884D-4C47-8C9C-9F106584767D}.Release|Any CPU.ActiveCfg = Release|Any CPU
		{9EBA41F1-884D-4C47-8C9C-9F106584767D}.Release|Any CPU.Build.0 = Release|Any CPU
		{C423D082-7B54-4C12-9401-7188B06A683B}.Debug|Any CPU.ActiveCfg = Debug|Any CPU
		{C423D082-7B54-4C12-9401-7188B06A683B}.Debug|Any CPU.Build.0 = Debug|Any CPU
		{C423D082-7B54-4C12-9401-7188B06A683B}.Release|Any CPU.ActiveCfg = Release|Any CPU
		{C423D082-7B54-4C12-9401-7188B06A683B}.Release|Any CPU.Build.0 = Release|Any CPU
		{7425EC7B-4889-4566-85CA-E59B73204B50}.Debug|Any CPU.ActiveCfg = Debug|Any CPU
		{7425EC7B-4889-4566-85CA-E59B73204B50}.Debug|Any CPU.Build.0 = Debug|Any CPU
		{7425EC7B-4889-4566-85CA-E59B73204B50}.Release|Any CPU.ActiveCfg = Release|Any CPU
		{7425EC7B-4889-4566-85CA-E59B73204B50}.Release|Any CPU.Build.0 = Release|Any CPU
		{ABDE5E1F-C42F-4A0E-BE45-30FBC8A26756}.Debug|Any CPU.ActiveCfg = Debug|Any CPU
		{ABDE5E1F-C42F-4A0E-BE45-30FBC8A26756}.Debug|Any CPU.Build.0 = Debug|Any CPU
		{ABDE5E1F-C42F-4A0E-BE45-30FBC8A26756}.Release|Any CPU.ActiveCfg = Release|Any CPU
		{ABDE5E1F-C42F-4A0E-BE45-30FBC8A26756}.Release|Any CPU.Build.0 = Release|Any CPU
	EndGlobalSection
	GlobalSection(SolutionProperties) = preSolution
		HideSolutionNode = FALSE
	EndGlobalSection
	GlobalSection(NestedProjects) = preSolution
		{17C71E8B-48B5-4ACF-9259-34DAE83A4E04} = {D6339BB4-9EA8-40A3-9068-BD238C2B0279}
		{C28A0BFB-509A-4023-AC64-B2E8BC187A63} = {87DA059B-0F4D-4CB5-9A2B-60A7C31C662B}
		{CDD66F27-14FA-4B64-92A2-7425DA1ABF4A} = {90A07F17-72AE-4C4E-BC50-B3FD8B116EC2}
		{37398E88-6E71-4D6B-BF2B-A4ACF26FF16F} = {F7F1353E-9AD0-4CC6-BE09-7A29D6EE44B9}
		{A41B635E-F0E4-41F0-81ED-5A7663DC6F88} = {72536D74-95A1-4F7D-BF25-6DB4E5F8BF35}
		{1D67948B-6CBA-4DA9-9032-A0DB4CC09FDD} = {650349C9-A0A3-4C1C-B515-A739D42FE5B1}
		{75FDEA79-3A50-4EF3-98E8-80A36B133BD6} = {650349C9-A0A3-4C1C-B515-A739D42FE5B1}
		{9EBA41F1-884D-4C47-8C9C-9F106584767D} = {650349C9-A0A3-4C1C-B515-A739D42FE5B1}
		{C423D082-7B54-4C12-9401-7188B06A683B} = {789A79D4-E292-4AD1-8103-4AD2BF02D055}
		{7425EC7B-4889-4566-85CA-E59B73204B50} = {789A79D4-E292-4AD1-8103-4AD2BF02D055}
		{ABDE5E1F-C42F-4A0E-BE45-30FBC8A26756} = {789A79D4-E292-4AD1-8103-4AD2BF02D055}
	EndGlobalSection
	GlobalSection(ExtensibilityGlobals) = postSolution
		SolutionGuid = {088E8CEA-6D62-4138-A4D9-372FB6DA130F}
	EndGlobalSection
EndGlobal
